
Microsoft Visual Studio Solution File, Format Version 12.00
# Visual Studio Version 17
VisualStudioVersion = 17.14.36310.24
MinimumVisualStudioVersion = 10.0.40219.1
Project("{FAE04EC0-301F-11D3-BF4B-00C04F79EFBC}") = "AIRPORT", "AIRPORT\AIRPORT.csproj", "{2FFC4631-57E6-45BC-9459-0839D9D01252}"
EndProject
Global
	GlobalSection(SolutionConfigurationPlatforms) = preSolution
		Debug|Any CPU = Debug|Any CPU
		Debug|ARM32 = Debug|ARM32
		Release|Any CPU = Release|Any CPU
		Release|ARM32 = Release|ARM32
	EndGlobalSection
	GlobalSection(ProjectConfigurationPlatforms) = postSolution
		{2FFC4631-57E6-45BC-9459-0839D9D01252}.Debug|Any CPU.ActiveCfg = Debug|Any CPU
		{2FFC4631-57E6-45BC-9459-0839D9D01252}.Debug|Any CPU.Build.0 = Debug|Any CPU
		{2FFC4631-57E6-45BC-9459-0839D9D01252}.Debug|ARM32.ActiveCfg = Debug|ARM32
		{2FFC4631-57E6-45BC-9459-0839D9D01252}.Debug|ARM32.Build.0 = Debug|ARM32
		{2FFC4631-57E6-45BC-9459-0839D9D01252}.Release|Any CPU.ActiveCfg = Release|Any CPU
		{2FFC4631-57E6-45BC-9459-0839D9D01252}.Release|Any CPU.Build.0 = Release|Any CPU
		{2FFC4631-57E6-45BC-9459-0839D9D01252}.Release|ARM32.ActiveCfg = Release|ARM32
		{2FFC4631-57E6-45BC-9459-0839D9D01252}.Release|ARM32.Build.0 = Release|ARM32
	EndGlobalSection
	GlobalSection(SolutionProperties) = preSolution
		HideSolutionNode = FALSE
	EndGlobalSection
	GlobalSection(ExtensibilityGlobals) = postSolution
		SolutionGuid = {FA7D1E80-D06E-4245-882D-3F393D01D8A6}
	EndGlobalSection
EndGlobal
